
Microsoft Visual Studio Solution File, Format Version 12.00
# Visual Studio Version 16
VisualStudioVersion = 16.0.31424.327
MinimumVisualStudioVersion = 10.0.40219.1
Project("{FAE04EC0-301F-11D3-BF4B-00C04F79EFBC}") = "PieChartWindowsFormsApp", "PieChartWindowsFormsApp\PieChartWindowsFormsApp.csproj", "{ACAC3681-D93A-4421-A82D-78A724B52B8D}"
EndProject
Project("{FAE04EC0-301F-11D3-BF4B-00C04F79EFBC}") = "PieChartSaveAsImageWindowsFormsApp", "PieChartSaveAsImageWindowsFormsApp\PieChartSaveAsImageWindowsFormsApp.csproj", "{DD684AAF-15D5-4959-AB82-CE37884993B7}"
EndProject
Global
	GlobalSection(SolutionConfigurationPlatforms) = preSolution
		Debug|Any CPU = Debug|Any CPU
		Release|Any CPU = Release|Any CPU
	EndGlobalSection
	GlobalSection(ProjectConfigurationPlatforms) = postSolution
		{ACAC3681-D93A-4421-A82D-78A724B52B8D}.Debug|Any CPU.ActiveCfg = Debug|Any CPU
		{ACAC3681-D93A-4421-A82D-78A724B52B8D}.Debug|Any CPU.Build.0 = Debug|Any CPU
		{ACAC3681-D93A-4421-A82D-78A724B52B8D}.Release|Any CPU.ActiveCfg = Release|Any CPU
		{ACAC3681-D93A-4421-A82D-78A724B52B8D}.Release|Any CPU.Build.0 = Release|Any CPU
		{DD684AAF-15D5-4959-AB82-CE37884993B7}.Debug|Any CPU.ActiveCfg = Debug|Any CPU
		{DD684AAF-15D5-4959-AB82-CE37884993B7}.Debug|Any CPU.Build.0 = Debug|Any CPU
		{DD684AAF-15D5-4959-AB82-CE37884993B7}.Release|Any CPU.ActiveCfg = Release|Any CPU
		{DD684AAF-15D5-4959-AB82-CE37884993B7}.Release|Any CPU.Build.0 = Release|Any CPU
	EndGlobalSection
	GlobalSection(SolutionProperties) = preSolution
		HideSolutionNode = FALSE
	EndGlobalSection
	GlobalSection(ExtensibilityGlobals) = postSolution
		SolutionGuid = {F6D80819-A98B-4478-95DC-BBA6F7D04D52}
	EndGlobalSection
EndGlobal
