
Microsoft Visual Studio Solution File, Format Version 12.00
# Visual Studio Version 16
VisualStudioVersion = 16.0.31424.327
MinimumVisualStudioVersion = 10.0.40219.1
Project("{FAE04EC0-301F-11D3-BF4B-00C04F79EFBC}") = "SerilizationWindowsFormsApp", "SerilizationWindowsFormsApp\SerilizationWindowsFormsApp.csproj", "{A30271CB-94F4-486C-B277-BD6BE7C178DE}"
EndProject
Global
	GlobalSection(SolutionConfigurationPlatforms) = preSolution
		Debug|Any CPU = Debug|Any CPU
		Release|Any CPU = Release|Any CPU
	EndGlobalSection
	GlobalSection(ProjectConfigurationPlatforms) = postSolution
		{A30271CB-94F4-486C-B277-BD6BE7C178DE}.Debug|Any CPU.ActiveCfg = Debug|Any CPU
		{A30271CB-94F4-486C-B277-BD6BE7C178DE}.Debug|Any CPU.Build.0 = Debug|Any CPU
		{A30271CB-94F4-486C-B277-BD6BE7C178DE}.Release|Any CPU.ActiveCfg = Release|Any CPU
		{A30271CB-94F4-486C-B277-BD6BE7C178DE}.Release|Any CPU.Build.0 = Release|Any CPU
	EndGlobalSection
	GlobalSection(SolutionProperties) = preSolution
		HideSolutionNode = FALSE
	EndGlobalSection
	GlobalSection(ExtensibilityGlobals) = postSolution
		SolutionGuid = {5DA4978A-BCEF-4E0D-9680-215D04F85863}
	EndGlobalSection
EndGlobal
